dependencies:
  idf:
    source:
      type: idf
    version: 6.1.0
  joltwallet/littlefs:
    component_hash: 01faa388c6305fe77fd6962cda6171e753033458f24f8fae9e9d932e3d817a4c
    dependencies:
    - name: idf
      require: private
      version: '>=5.0'
    source:
      registry_url: https://components.espressif.com/
      type: service
    version: 1.22.1
direct_dependencies:
- joltwallet/littlefs
manifest_hash: 6d582d220866afaeb99871b0ba21744653a982d4166ec8edcf259acf9a01a0a4
target: esp32
version: 3.0.0
