dependencies:
  idf:
    source:
      type: idf
    version: 6.1.0
  joltwallet/littlefs:
    component_hash: 3af20a3d75c49db9dc2286fd50862c34055c9f578419ad1f2bf7ed3ed01391fe
    dependencies:
    - name: idf
      require: private
      version: '>=5.0'
    source:
      registry_url: https://components.espressif.com/
      type: service
    version: 1.22.3
direct_dependencies:
- joltwallet/littlefs
manifest_hash: baa24903a4faa73f79e683ebb15ea49f4fe134ebcc2b29afb228d2992dd3af50
target: esp32c6
version: 3.0.0
